// !$*UTF8*$!
{
	archiveVersion = 1;
	classes = {
	};
	objectVersion = 50;
	objects = {

/* Begin PBXAggregateTarget section */
		9F4A2631223BD16F005CB63A /* Frameworks */ = {
			isa = PBXAggregateTarget;
			buildConfigurationList = 9F4A2632223BD16F005CB63A /* Build configuration list for PBXAggregateTarget "Frameworks" */;
			buildPhases = (
				9F4A2635223BD192005CB63A /* Create Frameworks */,
			);
			dependencies = (
			);
			name = Frameworks;
			productName = OOO;
		};
		9F4A2637223BD2D0005CB63A /* OpenSSL-iOS */ = {
			isa = PBXAggregateTarget;
			buildConfigurationList = 9F4A2638223BD2D0005CB63A /* Build configuration list for PBXAggregateTarget "OpenSSL-iOS" */;
			buildPhases = (
				9F4A263D223BD2DC005CB63A /* CopyFiles */,
			);
			dependencies = (
				9F4A263C223BD2D7005CB63A /* PBXTargetDependency */,
			);
			name = "OpenSSL-iOS";
			productName = "OpenSSL-iOS";
		};
		9F4A2640223BD320005CB63A /* OpenSSL-macOS */ = {
			isa = PBXAggregateTarget;
			buildConfigurationList = 9F4A2641223BD320005CB63A /* Build configuration list for PBXAggregateTarget "OpenSSL-macOS" */;
			buildPhases = (
				9F4A2646223BD345005CB63A /* CopyFiles */,
			);
			dependencies = (
				9F4A2645223BD341005CB63A /* PBXTargetDependency */,
			);
			name = "OpenSSL-macOS";
			productName = "OpenSSL-macOS OpenSSL-macOS";
		};
/* End PBXAggregateTarget section */

/* Begin PBXBuildFile section */
		9F4A263F223BD2F6005CB63A /* OpenSSL.framework in CopyFiles */ = {isa = PBXBuildFile; fileRef = 9F4A263E223BD2F6005CB63A /* OpenSSL.framework */; settings = {ATTRIBUTES = (CodeSignOnCopy, RemoveHeadersOnCopy, ); }; };
		9F4A2648223BD360005CB63A /* OpenSSL.framework in CopyFiles */ = {isa = PBXBuildFile; fileRef = 9F4A2647223BD360005CB63A /* OpenSSL.framework */; settings = {ATTRIBUTES = (CodeSignOnCopy, RemoveHeadersOnCopy, ); }; };
/* End PBXBuildFile section */

/* Begin PBXContainerItemProxy section */
		9F4A263B223BD2D7005CB63A /* PBXContainerItemProxy */ = {
			isa = PBXContainerItemProxy;
			containerPortal = 9F4A2627223BCE31005CB63A /* Project object */;
			proxyType = 1;
			remoteGlobalIDString = 9F4A2631223BD16F005CB63A;
			remoteInfo = Frameworks;
		};
		9F4A2644223BD341005CB63A /* PBXContainerItemProxy */ = {
			isa = PBXContainerItemProxy;
			containerPortal = 9F4A2627223BCE31005CB63A /* Project object */;
			proxyType = 1;
			remoteGlobalIDString = 9F4A2631223BD16F005CB63A;
			remoteInfo = Frameworks;
		};
/* End PBXContainerItemProxy section */

/* Begin PBXCopyFilesBuildPhase section */
		9F4A263D223BD2DC005CB63A /* CopyFiles */ = {
			isa = PBXCopyFilesBuildPhase;
			buildActionMask = 2147483647;
			dstPath = iOS;
			dstSubfolderSpec = 10;
			files = (
				9F4A263F223BD2F6005CB63A /* OpenSSL.framework in CopyFiles */,
			);
			runOnlyForDeploymentPostprocessing = 0;
		};
		9F4A2646223BD345005CB63A /* CopyFiles */ = {
			isa = PBXCopyFilesBuildPhase;
			buildActionMask = 2147483647;
			dstPath = macOS;
			dstSubfolderSpec = 10;
			files = (
				9F4A2648223BD360005CB63A /* OpenSSL.framework in CopyFiles */,
			);
			runOnlyForDeploymentPostprocessing = 0;
		};
/* End PBXCopyFilesBuildPhase section */

/* Begin PBXFileReference section */
		9F4A263E223BD2F6005CB63A /* OpenSSL.framework */ = {isa = PBXFileReference; lastKnownFileType = wrapper.framework; name = OpenSSL.framework; path = Frameworks/ios/OpenSSL.framework; sourceTree = "<group>"; };
		9F4A2647223BD360005CB63A /* OpenSSL.framework */ = {isa = PBXFileReference; lastKnownFileType = wrapper.framework; name = OpenSSL.framework; path = Frameworks/macos/OpenSSL.framework; sourceTree = "<group>"; };
/* End PBXFileReference section */

/* Begin PBXGroup section */
		9F4A2626223BCE31005CB63A = {
			isa = PBXGroup;
			children = (
				9F4A2647223BD360005CB63A /* OpenSSL.framework */,
				9F4A263E223BD2F6005CB63A /* OpenSSL.framework */,
			);
			sourceTree = "<group>";
		};
/* End PBXGroup section */

/* Begin PBXProject section */
		9F4A2627223BCE31005CB63A /* Project object */ = {
			isa = PBXProject;
			attributes = {
				LastUpgradeCheck = 1010;
				TargetAttributes = {
					9F4A2631223BD16F005CB63A = {
						CreatedOnToolsVersion = 10.1;
					};
					9F4A2637223BD2D0005CB63A = {
						CreatedOnToolsVersion = 10.1;
					};
					9F4A2640223BD320005CB63A = {
						CreatedOnToolsVersion = 10.1;
					};
				};
			};
			buildConfigurationList = 9F4A262A223BCE31005CB63A /* Build configuration list for PBXProject "OpenSSL" */;
			compatibilityVersion = "Xcode 9.3";
			developmentRegion = en;
			hasScannedForEncodings = 0;
			knownRegions = (
				en,
			);
			mainGroup = 9F4A2626223BCE31005CB63A;
			projectDirPath = "";
			projectRoot = "";
			targets = (
				9F4A2637223BD2D0005CB63A /* OpenSSL-iOS */,
				9F4A2640223BD320005CB63A /* OpenSSL-macOS */,
				9F4A2631223BD16F005CB63A /* Frameworks */,
			);
		};
/* End PBXProject section */

/* Begin PBXShellScriptBuildPhase section */
		9F4A2635223BD192005CB63A /* Create Frameworks */ = {
			isa = PBXShellScriptBuildPhase;
			buildActionMask = 2147483647;
			files = (
			);
			inputFileListPaths = (
			);
			inputPaths = (
			);
			name = "Create Frameworks";
			outputFileListPaths = (
			);
			outputPaths = (
			);
			runOnlyForDeploymentPostprocessing = 0;
			shellPath = /bin/sh;
			shellScript = "./create-framework.sh\n";
		};
/* End PBXShellScriptBuildPhase section */

/* Begin PBXTargetDependency section */
		9F4A263C223BD2D7005CB63A /* PBXTargetDependency */ = {
			isa = PBXTargetDependency;
			target = 9F4A2631223BD16F005CB63A /* Frameworks */;
			targetProxy = 9F4A263B223BD2D7005CB63A /* PBXContainerItemProxy */;
		};
		9F4A2645223BD341005CB63A /* PBXTargetDependency */ = {
			isa = PBXTargetDependency;
			target = 9F4A2631223BD16F005CB63A /* Frameworks */;
			targetProxy = 9F4A2644223BD341005CB63A /* PBXContainerItemProxy */;
		};
/* End PBXTargetDependency section */

/* Begin XCBuildConfiguration section */
		9F4A262B223BCE31005CB63A /* Debug */ = {
			isa = XCBuildConfiguration;
			buildSettings = {
			};
			name = Debug;
		};
		9F4A262C223BCE31005CB63A /* Release */ = {
			isa = XCBuildConfiguration;
			buildSettings = {
			};
			name = Release;
		};
		9F4A2633223BD16F005CB63A /* Debug */ = {
			isa = XCBuildConfiguration;
			buildSettings = {
				CODE_SIGN_STYLE = Automatic;
				PRODUCT_NAME = "$(TARGET_NAME)";
			};
			name = Debug;
		};
		9F4A2634223BD16F005CB63A /* Release */ = {
			isa = XCBuildConfiguration;
			buildSettings = {
				CODE_SIGN_STYLE = Automatic;
				PRODUCT_NAME = "$(TARGET_NAME)";
			};
			name = Release;
		};
		9F4A2639223BD2D0005CB63A /* Debug */ = {
			isa = XCBuildConfiguration;
			buildSettings = {
				CODE_SIGN_STYLE = Automatic;
				PRODUCT_NAME = "$(TARGET_NAME)";
			};
			name = Debug;
		};
		9F4A263A223BD2D0005CB63A /* Release */ = {
			isa = XCBuildConfiguration;
			buildSettings = {
				CODE_SIGN_STYLE = Automatic;
				PRODUCT_NAME = "$(TARGET_NAME)";
			};
			name = Release;
		};
		9F4A2642223BD320005CB63A /* Debug */ = {
			isa = XCBuildConfiguration;
			buildSettings = {
				CODE_SIGN_STYLE = Automatic;
				PRODUCT_NAME = "$(TARGET_NAME)";
			};
			name = Debug;
		};
		9F4A2643223BD320005CB63A /* Release */ = {
			isa = XCBuildConfiguration;
			buildSettings = {
				CODE_SIGN_STYLE = Automatic;
				PRODUCT_NAME = "$(TARGET_NAME)";
			};
			name = Release;
		};
/* End XCBuildConfiguration section */

/* Begin XCConfigurationList section */
		9F4A262A223BCE31005CB63A /* Build configuration list for PBXProject "OpenSSL" */ = {
			isa = XCConfigurationList;
			buildConfigurations = (
				9F4A262B223BCE31005CB63A /* Debug */,
				9F4A262C223BCE31005CB63A /* Release */,
			);
			defaultConfigurationIsVisible = 0;
			defaultConfigurationName = Release;
		};
		9F4A2632223BD16F005CB63A /* Build configuration list for PBXAggregateTarget "Frameworks" */ = {
			isa = XCConfigurationList;
			buildConfigurations = (
				9F4A2633223BD16F005CB63A /* Debug */,
				9F4A2634223BD16F005CB63A /* Release */,
			);
			defaultConfigurationIsVisible = 0;
			defaultConfigurationName = Release;
		};
		9F4A2638223BD2D0005CB63A /* Build configuration list for PBXAggregateTarget "OpenSSL-iOS" */ = {
			isa = XCConfigurationList;
			buildConfigurations = (
				9F4A2639223BD2D0005CB63A /* Debug */,
				9F4A263A223BD2D0005CB63A /* Release */,
			);
			defaultConfigurationIsVisible = 0;
			defaultConfigurationName = Release;
		};
		9F4A2641223BD320005CB63A /* Build configuration list for PBXAggregateTarget "OpenSSL-macOS" */ = {
			isa = XCConfigurationList;
			buildConfigurations = (
				9F4A2642223BD320005CB63A /* Debug */,
				9F4A2643223BD320005CB63A /* Release */,
			);
			defaultConfigurationIsVisible = 0;
			defaultConfigurationName = Release;
		};
/* End XCConfigurationList section */
	};
	rootObject = 9F4A2627223BCE31005CB63A /* Project object */;
}
